
Microsoft Visual Studio Solution File, Format Version 12.00
# Visual Studio 2017
Project("{FAE04EC0-301F-11D3-BF4B-00C04F79EFBC}") = "Dragon RPG 0614.Plugins", "Dragon RPG 0614.Plugins.csproj", "{943CE584-417D-D9B7-CA3C-C35768BC773D}"
EndProject
Project("{FAE04EC0-301F-11D3-BF4B-00C04F79EFBC}") = "Dragon RPG 0614", "Dragon RPG 0614.csproj", "{FA68A0DB-0111-A791-2836-8BCDFDC39A42}"
EndProject
Project("{FAE04EC0-301F-11D3-BF4B-00C04F79EFBC}") = "Dragon RPG 0614.Editor", "Dragon RPG 0614.Editor.csproj", "{56AB3233-1DF1-A02E-D5C3-AA18D951986E}"
EndProject
Global
	GlobalSection(SolutionConfigurationPlatforms) = preSolution
		Debug|Any CPU = Debug|Any CPU
		Release|Any CPU = Release|Any CPU
	EndGlobalSection
	GlobalSection(ProjectConfigurationPlatforms) = postSolution
		{943CE584-417D-D9B7-CA3C-C35768BC773D}.Debug|Any CPU.ActiveCfg = Debug|Any CPU
		{943CE584-417D-D9B7-CA3C-C35768BC773D}.Debug|Any CPU.Build.0 = Debug|Any CPU
		{943CE584-417D-D9B7-CA3C-C35768BC773D}.Release|Any CPU.ActiveCfg = Release|Any CPU
		{943CE584-417D-D9B7-CA3C-C35768BC773D}.Release|Any CPU.Build.0 = Release|Any CPU
		{FA68A0DB-0111-A791-2836-8BCDFDC39A42}.Debug|Any CPU.ActiveCfg = Debug|Any CPU
		{FA68A0DB-0111-A791-2836-8BCDFDC39A42}.Debug|Any CPU.Build.0 = Debug|Any CPU
		{FA68A0DB-0111-A791-2836-8BCDFDC39A42}.Release|Any CPU.ActiveCfg = Release|Any CPU
		{FA68A0DB-0111-A791-2836-8BCDFDC39A42}.Release|Any CPU.Build.0 = Release|Any CPU
		{56AB3233-1DF1-A02E-D5C3-AA18D951986E}.Debug|Any CPU.ActiveCfg = Debug|Any CPU
		{56AB3233-1DF1-A02E-D5C3-AA18D951986E}.Debug|Any CPU.Build.0 = Debug|Any CPU
		{56AB3233-1DF1-A02E-D5C3-AA18D951986E}.Release|Any CPU.ActiveCfg = Release|Any CPU
		{56AB3233-1DF1-A02E-D5C3-AA18D951986E}.Release|Any CPU.Build.0 = Release|Any CPU
	EndGlobalSection
	GlobalSection(SolutionProperties) = preSolution
		HideSolutionNode = FALSE
	EndGlobalSection
EndGlobal
